
Microsoft Visual Studio Solution File, Format Version 12.00
# Visual Studio Version 17
VisualStudioVersion = 17.3.32922.545
MinimumVisualStudioVersion = 10.0.40219.1
Project("{888888A0-9F3D-457C-B088-3A5042F75D52}") = "bodnar_q1", "bodnar_q1\bodnar_q1.pyproj", "{59667A0E-F2D5-46F5-A22C-1D20A72C2EE9}"
EndProject
Global
	GlobalSection(SolutionConfigurationPlatforms) = preSolution
		Debug|Any CPU = Debug|Any CPU
		Release|Any CPU = Release|Any CPU
	EndGlobalSection
	GlobalSection(ProjectConfigurationPlatforms) = postSolution
		{59667A0E-F2D5-46F5-A22C-1D20A72C2EE9}.Debug|Any CPU.ActiveCfg = Debug|Any CPU
		{59667A0E-F2D5-46F5-A22C-1D20A72C2EE9}.Release|Any CPU.ActiveCfg = Release|Any CPU
	EndGlobalSection
	GlobalSection(SolutionProperties) = preSolution
		HideSolutionNode = FALSE
	EndGlobalSection
	GlobalSection(ExtensibilityGlobals) = postSolution
		SolutionGuid = {F4543A58-38FD-48E4-B1F0-F0D2E27B59B1}
	EndGlobalSection
EndGlobal
