
Microsoft Visual Studio Solution File, Format Version 12.00
# Visual Studio Version 17
VisualStudioVersion = 17.3.32922.545
MinimumVisualStudioVersion = 10.0.40219.1
Project("{888888A0-9F3D-457C-B088-3A5042F75D52}") = "bodnar_q2", "bodnar_q2\bodnar_q2.pyproj", "{A532F7C3-BCE7-43A2-A5E1-55522603FA87}"
EndProject
Global
	GlobalSection(SolutionConfigurationPlatforms) = preSolution
		Debug|Any CPU = Debug|Any CPU
		Release|Any CPU = Release|Any CPU
	EndGlobalSection
	GlobalSection(ProjectConfigurationPlatforms) = postSolution
		{A532F7C3-BCE7-43A2-A5E1-55522603FA87}.Debug|Any CPU.ActiveCfg = Debug|Any CPU
		{A532F7C3-BCE7-43A2-A5E1-55522603FA87}.Release|Any CPU.ActiveCfg = Release|Any CPU
	EndGlobalSection
	GlobalSection(SolutionProperties) = preSolution
		HideSolutionNode = FALSE
	EndGlobalSection
	GlobalSection(ExtensibilityGlobals) = postSolution
		SolutionGuid = {5FDB35EC-19CC-4F64-A6F8-89776C032437}
	EndGlobalSection
EndGlobal
