
Microsoft Visual Studio Solution File, Format Version 12.00
# Visual Studio Version 17
VisualStudioVersion = 17.3.32922.545
MinimumVisualStudioVersion = 10.0.40219.1
Project("{888888A0-9F3D-457C-B088-3A5042F75D52}") = "bodnarLabFour", "bodnarLabFour\bodnarLabFour.pyproj", "{39C1ECBE-252B-43BD-90AF-335EC3430CF7}"
EndProject
Global
	GlobalSection(SolutionConfigurationPlatforms) = preSolution
		Debug|Any CPU = Debug|Any CPU
		Release|Any CPU = Release|Any CPU
	EndGlobalSection
	GlobalSection(ProjectConfigurationPlatforms) = postSolution
		{39C1ECBE-252B-43BD-90AF-335EC3430CF7}.Debug|Any CPU.ActiveCfg = Debug|Any CPU
		{39C1ECBE-252B-43BD-90AF-335EC3430CF7}.Release|Any CPU.ActiveCfg = Release|Any CPU
	EndGlobalSection
	GlobalSection(SolutionProperties) = preSolution
		HideSolutionNode = FALSE
	EndGlobalSection
	GlobalSection(ExtensibilityGlobals) = postSolution
		SolutionGuid = {2BACFC9B-A955-4019-B910-B86A21DF16B1}
	EndGlobalSection
EndGlobal
