
Microsoft Visual Studio Solution File, Format Version 12.00
# Visual Studio Version 17
VisualStudioVersion = 17.1.32407.343
MinimumVisualStudioVersion = 10.0.40219.1
Project("{888888A0-9F3D-457C-B088-3A5042F75D52}") = "pythonInClass09142022", "pythonInClass09142022\pythonInClass09142022.pyproj", "{537FFFD8-74F3-4FD0-A014-3E92A60592D7}"
EndProject
Global
	GlobalSection(SolutionConfigurationPlatforms) = preSolution
		Debug|Any CPU = Debug|Any CPU
		Release|Any CPU = Release|Any CPU
	EndGlobalSection
	GlobalSection(ProjectConfigurationPlatforms) = postSolution
		{537FFFD8-74F3-4FD0-A014-3E92A60592D7}.Debug|Any CPU.ActiveCfg = Debug|Any CPU
		{537FFFD8-74F3-4FD0-A014-3E92A60592D7}.Release|Any CPU.ActiveCfg = Release|Any CPU
	EndGlobalSection
	GlobalSection(SolutionProperties) = preSolution
		HideSolutionNode = FALSE
	EndGlobalSection
	GlobalSection(ExtensibilityGlobals) = postSolution
		SolutionGuid = {CE1ADD98-F549-45F7-AD91-A8F160A1D5F3}
	EndGlobalSection
EndGlobal
