
Microsoft Visual Studio Solution File, Format Version 12.00
# Visual Studio Version 17
VisualStudioVersion = 17.3.32922.545
MinimumVisualStudioVersion = 10.0.40219.1
Project("{888888A0-9F3D-457C-B088-3A5042F75D52}") = "inClass10102022", "inClass10102022\inClass10102022.pyproj", "{4A3F02C9-24D9-4EEF-8DA3-B7377D0900F7}"
EndProject
Global
	GlobalSection(SolutionConfigurationPlatforms) = preSolution
		Debug|Any CPU = Debug|Any CPU
		Release|Any CPU = Release|Any CPU
	EndGlobalSection
	GlobalSection(ProjectConfigurationPlatforms) = postSolution
		{4A3F02C9-24D9-4EEF-8DA3-B7377D0900F7}.Debug|Any CPU.ActiveCfg = Debug|Any CPU
		{4A3F02C9-24D9-4EEF-8DA3-B7377D0900F7}.Release|Any CPU.ActiveCfg = Release|Any CPU
	EndGlobalSection
	GlobalSection(SolutionProperties) = preSolution
		HideSolutionNode = FALSE
	EndGlobalSection
	GlobalSection(ExtensibilityGlobals) = postSolution
		SolutionGuid = {4A243CF2-2A2D-4705-ADC8-B715B879D4BA}
	EndGlobalSection
EndGlobal
