
Microsoft Visual Studio Solution File, Format Version 12.00
# Visual Studio Version 17
VisualStudioVersion = 17.3.32922.545
MinimumVisualStudioVersion = 10.0.40219.1
Project("{888888A0-9F3D-457C-B088-3A5042F75D52}") = "Bodnar_q1", "Bodnar_q1\Bodnar_q1.pyproj", "{CB39792E-81B4-46CF-81CC-03549224972D}"
EndProject
Global
	GlobalSection(SolutionConfigurationPlatforms) = preSolution
		Debug|Any CPU = Debug|Any CPU
		Release|Any CPU = Release|Any CPU
	EndGlobalSection
	GlobalSection(ProjectConfigurationPlatforms) = postSolution
		{CB39792E-81B4-46CF-81CC-03549224972D}.Debug|Any CPU.ActiveCfg = Debug|Any CPU
		{CB39792E-81B4-46CF-81CC-03549224972D}.Release|Any CPU.ActiveCfg = Release|Any CPU
	EndGlobalSection
	GlobalSection(SolutionProperties) = preSolution
		HideSolutionNode = FALSE
	EndGlobalSection
	GlobalSection(ExtensibilityGlobals) = postSolution
		SolutionGuid = {DA2EA9F9-9D1E-4318-B953-0573F0FCF17E}
	EndGlobalSection
EndGlobal
